// !$*UTF8*$!
{
	archiveVersion = 1;
	classes = {
	};
	objectVersion = 46;
	objects = {

/* Begin PBXBuildFile section */
		382387AA1A32F28300A734CD /* ViewController.m in Sources */ = {isa = PBXBuildFile; fileRef = 382387A71A32F28300A734CD /* ViewController.m */; };
		382387AD1A32F2F000A734CD /* AppDelegate.m in Sources */ = {isa = PBXBuildFile; fileRef = 382387AC1A32F2F000A734CD /* AppDelegate.m */; };
		382387B31A32F98500A734CD /* DetailViewController.m in Sources */ = {isa = PBXBuildFile; fileRef = 382387B11A32F98500A734CD /* DetailViewController.m */; };
		382387C51A33761E00A734CD /* CircularImageView.m in Sources */ = {isa = PBXBuildFile; fileRef = 382387C41A33761E00A734CD /* CircularImageView.m */; };
		382387C81A33795900A734CD /* PostAlertViewController.m in Sources */ = {isa = PBXBuildFile; fileRef = 382387C71A33795900A734CD /* PostAlertViewController.m */; };
		382387D21A33C16B00A734CD /* TRAutocompleteView.m in Sources */ = {isa = PBXBuildFile; fileRef = 382387D11A33C16B00A734CD /* TRAutocompleteView.m */; };
		7F1349671A32DB01001AC194 /* main.m in Sources */ = {isa = PBXBuildFile; fileRef = 7F1349661A32DB01001AC194 /* main.m */; };
		7F1349751A32DB01001AC194 /* Images.xcassets in Resources */ = {isa = PBXBuildFile; fileRef = 7F1349741A32DB01001AC194 /* Images.xcassets */; };
		7F1349841A32DB02001AC194 /* BantayCiudadTests.m in Sources */ = {isa = PBXBuildFile; fileRef = 7F1349831A32DB02001AC194 /* BantayCiudadTests.m */; };
		7F65F19A1A330B90000ED52D /* LICENSE in Resources */ = {isa = PBXBuildFile; fileRef = 7F65F1951A330B90000ED52D /* LICENSE */; };
		7F65F19B1A330B90000ED52D /* README.md in Sources */ = {isa = PBXBuildFile; fileRef = 7F65F1961A330B90000ED52D /* README.md */; };
		7F65F19C1A330B90000ED52D /* SLParallaxController.m in Sources */ = {isa = PBXBuildFile; fileRef = 7F65F1991A330B90000ED52D /* SLParallaxController.m */; };
		7F65F1A71A330C34000ED52D /* LaunchScreen.xib in Resources */ = {isa = PBXBuildFile; fileRef = 7F65F1A31A330C34000ED52D /* LaunchScreen.xib */; };
		7F65F1A81A330C34000ED52D /* Main.storyboard in Resources */ = {isa = PBXBuildFile; fileRef = 7F65F1A51A330C34000ED52D /* Main.storyboard */; };
		7F65F1AB1A331061000ED52D /* MainViewController.m in Sources */ = {isa = PBXBuildFile; fileRef = 7F65F1AA1A331061000ED52D /* MainViewController.m */; };
		7F65F1AE1A335E72000ED52D /* GeoNamesResponse.m in Sources */ = {isa = PBXBuildFile; fileRef = 7F65F1AD1A335E72000ED52D /* GeoNamesResponse.m */; };
		7F65F1B11A336105000ED52D /* GeoNamesRequest.m in Sources */ = {isa = PBXBuildFile; fileRef = 7F65F1B01A336105000ED52D /* GeoNamesRequest.m */; };
		7F65F1B61A3368E7000ED52D /* BantayCiudad.xcdatamodel in Sources */ = {isa = PBXBuildFile; fileRef = 7F65F1B51A3368E7000ED52D /* BantayCiudad.xcdatamodel */; };
		F9BE0604AFA5FE20A0CA29BA /* libPods-BantayCiudad.a in Frameworks */ = {isa = PBXBuildFile; fileRef = EBAE706C2CFBE66E9C610869 /* libPods-BantayCiudad.a */; };
		F9BFCBDF1A33367800912C46 /* Alert.m in Sources */ = {isa = PBXBuildFile; fileRef = F9BFCBDE1A33367800912C46 /* Alert.m */; };
		F9BFCBE51A3336DC00912C46 /* UserRequest.m in Sources */ = {isa = PBXBuildFile; fileRef = F9BFCBE41A3336DC00912C46 /* UserRequest.m */; };
		F9BFCBE81A33370400912C46 /* Alert+REST.m in Sources */ = {isa = PBXBuildFile; fileRef = F9BFCBE71A33370400912C46 /* Alert+REST.m */; };
		F9BFCBEB1A33373A00912C46 /* RESTAlertService.m in Sources */ = {isa = PBXBuildFile; fileRef = F9BFCBEA1A33373A00912C46 /* RESTAlertService.m */; };
		F9BFCBEF1A3337E300912C46 /* AppDelegate+Additions.m in Sources */ = {isa = PBXBuildFile; fileRef = F9BFCBEE1A3337E300912C46 /* AppDelegate+Additions.m */; };
		F9BFCBF21A3337ED00912C46 /* NSString+Additions.m in Sources */ = {isa = PBXBuildFile; fileRef = F9BFCBF11A3337ED00912C46 /* NSString+Additions.m */; };
		F9BFCBF81A33380E00912C46 /* RESTServiceSupport.m in Sources */ = {isa = PBXBuildFile; fileRef = F9BFCBF51A33380E00912C46 /* RESTServiceSupport.m */; };
		F9BFCBF91A33380E00912C46 /* RKObjectManager+App.m in Sources */ = {isa = PBXBuildFile; fileRef = F9BFCBF71A33380E00912C46 /* RKObjectManager+App.m */; };
		F9BFCBFC1A33383600912C46 /* RESTRequest.m in Sources */ = {isa = PBXBuildFile; fileRef = F9BFCBFB1A33383600912C46 /* RESTRequest.m */; };
		F9BFCBFF1A33384100912C46 /* RESTResponse.m in Sources */ = {isa = PBXBuildFile; fileRef = F9BFCBFE1A33384100912C46 /* RESTResponse.m */; };
		F9BFCC021A33384D00912C46 /* AppConfiguration.m in Sources */ = {isa = PBXBuildFile; fileRef = F9BFCC011A33384D00912C46 /* AppConfiguration.m */; };
		F9BFCC071A33390600912C46 /* AlertsRequest.m in Sources */ = {isa = PBXBuildFile; fileRef = F9BFCC061A33390600912C46 /* AlertsRequest.m */; };
		F9BFCC0A1A33392300912C46 /* ClientAccessConstants.m in Sources */ = {isa = PBXBuildFile; fileRef = F9BFCC091A33392300912C46 /* ClientAccessConstants.m */; };
/* End PBXBuildFile section */

/* Begin PBXContainerItemProxy section */
		7F13497E1A32DB02001AC194 /* PBXContainerItemProxy */ = {
			isa = PBXContainerItemProxy;
			containerPortal = 7F1349591A32DB01001AC194 /* Project object */;
			proxyType = 1;
			remoteGlobalIDString = 7F1349601A32DB01001AC194;
			remoteInfo = BantayCiudad;
		};
/* End PBXContainerItemProxy section */

/* Begin PBXFileReference section */
		382387A61A32F28300A734CD /* ViewController.h */ = {isa = PBXFileReference; fileEncoding = 4; lastKnownFileType = sourcecode.c.h; path = ViewController.h; sourceTree = "<group>"; };
		382387A71A32F28300A734CD /* ViewController.m */ = {isa = PBXFileReference; fileEncoding = 4; lastKnownFileType = sourcecode.c.objc; path = ViewController.m; sourceTree = "<group>"; };
		382387AB1A32F2F000A734CD /* AppDelegate.h */ = {isa = PBXFileReference; fileEncoding = 4; lastKnownFileType = sourcecode.c.h; name = AppDelegate.h; path = ../Controllers/AppDelegate.h; sourceTree = "<group>"; };
		382387AC1A32F2F000A734CD /* AppDelegate.m */ = {isa = PBXFileReference; fileEncoding = 4; lastKnownFileType = sourcecode.c.objc; path = AppDelegate.m; sourceTree = "<group>"; };
		382387B11A32F98500A734CD /* DetailViewController.m */ = {isa = PBXFileReference; fileEncoding = 4; lastKnownFileType = sourcecode.c.objc; path = DetailViewController.m; sourceTree = "<group>"; };
		382387B21A32F98500A734CD /* DetailViewController.h */ = {isa = PBXFileReference; fileEncoding = 4; lastKnownFileType = sourcecode.c.h; path = DetailViewController.h; sourceTree = "<group>"; };
		382387C31A33761E00A734CD /* CircularImageView.h */ = {isa = PBXFileReference; fileEncoding = 4; lastKnownFileType = sourcecode.c.h; path = CircularImageView.h; sourceTree = "<group>"; };
		382387C41A33761E00A734CD /* CircularImageView.m */ = {isa = PBXFileReference; fileEncoding = 4; lastKnownFileType = sourcecode.c.objc; path = CircularImageView.m; sourceTree = "<group>"; };
		382387C61A33795900A734CD /* PostAlertViewController.h */ = {isa = PBXFileReference; fileEncoding = 4; lastKnownFileType = sourcecode.c.h; path = PostAlertViewController.h; sourceTree = "<group>"; };
		382387C71A33795900A734CD /* PostAlertViewController.m */ = {isa = PBXFileReference; fileEncoding = 4; lastKnownFileType = sourcecode.c.objc; path = PostAlertViewController.m; sourceTree = "<group>"; };
		382387D01A33C16B00A734CD /* TRAutocompleteView.h */ = {isa = PBXFileReference; fileEncoding = 4; lastKnownFileType = sourcecode.c.h; path = TRAutocompleteView.h; sourceTree = "<group>"; };
		382387D11A33C16B00A734CD /* TRAutocompleteView.m */ = {isa = PBXFileReference; fileEncoding = 4; lastKnownFileType = sourcecode.c.objc; path = TRAutocompleteView.m; sourceTree = "<group>"; };
		57DCA653D4C4AA15B2870BC8 /* Pods-BantayCiudad.release.xcconfig */ = {isa = PBXFileReference; includeInIndex = 1; lastKnownFileType = text.xcconfig; name = "Pods-BantayCiudad.release.xcconfig"; path = "Pods/Target Support Files/Pods-BantayCiudad/Pods-BantayCiudad.release.xcconfig"; sourceTree = "<group>"; };
		7F1349611A32DB01001AC194 /* BantayCiudad.app */ = {isa = PBXFileReference; explicitFileType = wrapper.application; includeInIndex = 0; path = BantayCiudad.app; sourceTree = BUILT_PRODUCTS_DIR; };
		7F1349651A32DB01001AC194 /* Info.plist */ = {isa = PBXFileReference; lastKnownFileType = text.plist.xml; path = Info.plist; sourceTree = "<group>"; };
		7F1349661A32DB01001AC194 /* main.m */ = {isa = PBXFileReference; lastKnownFileType = sourcecode.c.objc; path = main.m; sourceTree = "<group>"; };
		7F1349741A32DB01001AC194 /* Images.xcassets */ = {isa = PBXFileReference; lastKnownFileType = folder.assetcatalog; path = Images.xcassets; sourceTree = "<group>"; };
		7F13497D1A32DB02001AC194 /* BantayCiudadTests.xctest */ = {isa = PBXFileReference; explicitFileType = wrapper.cfbundle; includeInIndex = 0; path = BantayCiudadTests.xctest; sourceTree = BUILT_PRODUCTS_DIR; };
		7F1349821A32DB02001AC194 /* Info.plist */ = {isa = PBXFileReference; lastKnownFileType = text.plist.xml; path = Info.plist; sourceTree = "<group>"; };
		7F1349831A32DB02001AC194 /* BantayCiudadTests.m */ = {isa = PBXFileReference; lastKnownFileType = sourcecode.c.objc; path = BantayCiudadTests.m; sourceTree = "<group>"; };
		7F65F1951A330B90000ED52D /* LICENSE */ = {isa = PBXFileReference; fileEncoding = 4; lastKnownFileType = text; path = LICENSE; sourceTree = "<group>"; };
		7F65F1961A330B90000ED52D /* README.md */ = {isa = PBXFileReference; fileEncoding = 4; lastKnownFileType = net.daringfireball.markdown; path = README.md; sourceTree = "<group>"; };
		7F65F1981A330B90000ED52D /* SLParallaxController.h */ = {isa = PBXFileReference; fileEncoding = 4; lastKnownFileType = sourcecode.c.h; path = SLParallaxController.h; sourceTree = "<group>"; };
		7F65F1991A330B90000ED52D /* SLParallaxController.m */ = {isa = PBXFileReference; fileEncoding = 4; lastKnownFileType = sourcecode.c.objc; path = SLParallaxController.m; sourceTree = "<group>"; };
		7F65F1A41A330C34000ED52D /* Base */ = {isa = PBXFileReference; lastKnownFileType = file.xib; name = Base; path = BantayCiudad/Base.lproj/LaunchScreen.xib; sourceTree = SOURCE_ROOT; };
		7F65F1A61A330C34000ED52D /* Base */ = {isa = PBXFileReference; lastKnownFileType = file.storyboard; name = Base; path = BantayCiudad/Base.lproj/Main.storyboard; sourceTree = SOURCE_ROOT; };
		7F65F1A91A331061000ED52D /* MainViewController.h */ = {isa = PBXFileReference; fileEncoding = 4; lastKnownFileType = sourcecode.c.h; path = MainViewController.h; sourceTree = "<group>"; };
		7F65F1AA1A331061000ED52D /* MainViewController.m */ = {isa = PBXFileReference; fileEncoding = 4; lastKnownFileType = sourcecode.c.objc; path = MainViewController.m; sourceTree = "<group>"; };
		7F65F1AC1A335E72000ED52D /* GeoNamesResponse.h */ = {isa = PBXFileReference; fileEncoding = 4; lastKnownFileType = sourcecode.c.h; path = GeoNamesResponse.h; sourceTree = "<group>"; };
		7F65F1AD1A335E72000ED52D /* GeoNamesResponse.m */ = {isa = PBXFileReference; fileEncoding = 4; lastKnownFileType = sourcecode.c.objc; path = GeoNamesResponse.m; sourceTree = "<group>"; };
		7F65F1AF1A336105000ED52D /* GeoNamesRequest.h */ = {isa = PBXFileReference; fileEncoding = 4; lastKnownFileType = sourcecode.c.h; path = GeoNamesRequest.h; sourceTree = "<group>"; };
		7F65F1B01A336105000ED52D /* GeoNamesRequest.m */ = {isa = PBXFileReference; fileEncoding = 4; lastKnownFileType = sourcecode.c.objc; path = GeoNamesRequest.m; sourceTree = "<group>"; };
		7F65F1B51A3368E7000ED52D /* BantayCiudad.xcdatamodel */ = {isa = PBXFileReference; lastKnownFileType = wrapper.xcdatamodel; name = BantayCiudad.xcdatamodel; path = BantayCiudad/BantayCiudad.xcdatamodel; sourceTree = SOURCE_ROOT; };
		9475BB2F7F689FFB8F34CD71 /* Pods-BantayCiudad.debug.xcconfig */ = {isa = PBXFileReference; includeInIndex = 1; lastKnownFileType = text.xcconfig; name = "Pods-BantayCiudad.debug.xcconfig"; path = "Pods/Target Support Files/Pods-BantayCiudad/Pods-BantayCiudad.debug.xcconfig"; sourceTree = "<group>"; };
		EBAE706C2CFBE66E9C610869 /* libPods-BantayCiudad.a */ = {isa = PBXFileReference; explicitFileType = archive.ar; includeInIndex = 0; path = "libPods-BantayCiudad.a"; sourceTree = BUILT_PRODUCTS_DIR; };
		F948719D1A32FA5A00BBBADD /* BantayCiudad-Header.pch */ = {isa = PBXFileReference; lastKnownFileType = sourcecode.c.h; path = "BantayCiudad-Header.pch"; sourceTree = "<group>"; };
		F9BFCBDD1A33367800912C46 /* Alert.h */ = {isa = PBXFileReference; fileEncoding = 4; lastKnownFileType = sourcecode.c.h; name = Alert.h; path = BantayCiudad/Alert.h; sourceTree = SOURCE_ROOT; };
		F9BFCBDE1A33367800912C46 /* Alert.m */ = {isa = PBXFileReference; fileEncoding = 4; lastKnownFileType = sourcecode.c.objc; name = Alert.m; path = BantayCiudad/Alert.m; sourceTree = SOURCE_ROOT; };
		F9BFCBE31A3336DC00912C46 /* UserRequest.h */ = {isa = PBXFileReference; fileEncoding = 4; lastKnownFileType = sourcecode.c.h; path = UserRequest.h; sourceTree = "<group>"; };
		F9BFCBE41A3336DC00912C46 /* UserRequest.m */ = {isa = PBXFileReference; fileEncoding = 4; lastKnownFileType = sourcecode.c.objc; path = UserRequest.m; sourceTree = "<group>"; };
		F9BFCBE61A33370400912C46 /* Alert+REST.h */ = {isa = PBXFileReference; fileEncoding = 4; lastKnownFileType = sourcecode.c.h; path = "Alert+REST.h"; sourceTree = "<group>"; };
		F9BFCBE71A33370400912C46 /* Alert+REST.m */ = {isa = PBXFileReference; fileEncoding = 4; lastKnownFileType = sourcecode.c.objc; path = "Alert+REST.m"; sourceTree = "<group>"; };
		F9BFCBE91A33373A00912C46 /* RESTAlertService.h */ = {isa = PBXFileReference; fileEncoding = 4; lastKnownFileType = sourcecode.c.h; path = RESTAlertService.h; sourceTree = "<group>"; };
		F9BFCBEA1A33373A00912C46 /* RESTAlertService.m */ = {isa = PBXFileReference; fileEncoding = 4; lastKnownFileType = sourcecode.c.objc; path = RESTAlertService.m; sourceTree = "<group>"; };
		F9BFCBED1A3337E300912C46 /* AppDelegate+Additions.h */ = {isa = PBXFileReference; fileEncoding = 4; lastKnownFileType = sourcecode.c.h; path = "AppDelegate+Additions.h"; sourceTree = "<group>"; };
		F9BFCBEE1A3337E300912C46 /* AppDelegate+Additions.m */ = {isa = PBXFileReference; fileEncoding = 4; lastKnownFileType = sourcecode.c.objc; path = "AppDelegate+Additions.m"; sourceTree = "<group>"; };
		F9BFCBF01A3337ED00912C46 /* NSString+Additions.h */ = {isa = PBXFileReference; fileEncoding = 4; lastKnownFileType = sourcecode.c.h; path = "NSString+Additions.h"; sourceTree = "<group>"; };
		F9BFCBF11A3337ED00912C46 /* NSString+Additions.m */ = {isa = PBXFileReference; fileEncoding = 4; lastKnownFileType = sourcecode.c.objc; path = "NSString+Additions.m"; sourceTree = "<group>"; };
		F9BFCBF41A33380E00912C46 /* RESTServiceSupport.h */ = {isa = PBXFileReference; fileEncoding = 4; lastKnownFileType = sourcecode.c.h; path = RESTServiceSupport.h; sourceTree = "<group>"; };
		F9BFCBF51A33380E00912C46 /* RESTServiceSupport.m */ = {isa = PBXFileReference; fileEncoding = 4; lastKnownFileType = sourcecode.c.objc; path = RESTServiceSupport.m; sourceTree = "<group>"; };
		F9BFCBF61A33380E00912C46 /* RKObjectManager+App.h */ = {isa = PBXFileReference; fileEncoding = 4; lastKnownFileType = sourcecode.c.h; path = "RKObjectManager+App.h"; sourceTree = "<group>"; };
		F9BFCBF71A33380E00912C46 /* RKObjectManager+App.m */ = {isa = PBXFileReference; fileEncoding = 4; lastKnownFileType = sourcecode.c.objc; path = "RKObjectManager+App.m"; sourceTree = "<group>"; };
		F9BFCBFA1A33383600912C46 /* RESTRequest.h */ = {isa = PBXFileReference; fileEncoding = 4; lastKnownFileType = sourcecode.c.h; path = RESTRequest.h; sourceTree = "<group>"; };
		F9BFCBFB1A33383600912C46 /* RESTRequest.m */ = {isa = PBXFileReference; fileEncoding = 4; lastKnownFileType = sourcecode.c.objc; path = RESTRequest.m; sourceTree = "<group>"; };
		F9BFCBFD1A33384100912C46 /* RESTResponse.h */ = {isa = PBXFileReference; fileEncoding = 4; lastKnownFileType = sourcecode.c.h; path = RESTResponse.h; sourceTree = "<group>"; };
		F9BFCBFE1A33384100912C46 /* RESTResponse.m */ = {isa = PBXFileReference; fileEncoding = 4; lastKnownFileType = sourcecode.c.objc; path = RESTResponse.m; sourceTree = "<group>"; };
		F9BFCC001A33384D00912C46 /* AppConfiguration.h */ = {isa = PBXFileReference; fileEncoding = 4; lastKnownFileType = sourcecode.c.h; path = AppConfiguration.h; sourceTree = "<group>"; };
		F9BFCC011A33384D00912C46 /* AppConfiguration.m */ = {isa = PBXFileReference; fileEncoding = 4; lastKnownFileType = sourcecode.c.objc; path = AppConfiguration.m; sourceTree = "<group>"; };
		F9BFCC041A3338C800912C46 /* AlertService.h */ = {isa = PBXFileReference; fileEncoding = 4; lastKnownFileType = sourcecode.c.h; path = AlertService.h; sourceTree = "<group>"; };
		F9BFCC051A33390600912C46 /* AlertsRequest.h */ = {isa = PBXFileReference; fileEncoding = 4; lastKnownFileType = sourcecode.c.h; path = AlertsRequest.h; sourceTree = "<group>"; };
		F9BFCC061A33390600912C46 /* AlertsRequest.m */ = {isa = PBXFileReference; fileEncoding = 4; lastKnownFileType = sourcecode.c.objc; path = AlertsRequest.m; sourceTree = "<group>"; };
		F9BFCC081A33392300912C46 /* ClientAccessConstants.h */ = {isa = PBXFileReference; fileEncoding = 4; lastKnownFileType = sourcecode.c.h; path = ClientAccessConstants.h; sourceTree = "<group>"; };
		F9BFCC091A33392300912C46 /* ClientAccessConstants.m */ = {isa = PBXFileReference; fileEncoding = 4; lastKnownFileType = sourcecode.c.objc; path = ClientAccessConstants.m; sourceTree = "<group>"; };
/* End PBXFileReference section */

/* Begin PBXFrameworksBuildPhase section */
		7F13495E1A32DB01001AC194 /* Frameworks */ = {
			isa = PBXFrameworksBuildPhase;
			buildActionMask = 2147483647;
			files = (
				F9BE0604AFA5FE20A0CA29BA /* libPods-BantayCiudad.a in Frameworks */,
			);
			runOnlyForDeploymentPostprocessing = 0;
		};
		7F13497A1A32DB02001AC194 /* Frameworks */ = {
			isa = PBXFrameworksBuildPhase;
			buildActionMask = 2147483647;
			files = (
			);
			runOnlyForDeploymentPostprocessing = 0;
		};
/* End PBXFrameworksBuildPhase section */

/* Begin PBXGroup section */
		289F147BE02ADC22895C5503 /* Pods */ = {
			isa = PBXGroup;
			children = (
				9475BB2F7F689FFB8F34CD71 /* Pods-BantayCiudad.debug.xcconfig */,
				57DCA653D4C4AA15B2870BC8 /* Pods-BantayCiudad.release.xcconfig */,
			);
			name = Pods;
			sourceTree = "<group>";
		};
		382387A51A32F28300A734CD /* Controllers */ = {
			isa = PBXGroup;
			children = (
				382387AC1A32F2F000A734CD /* AppDelegate.m */,
				382387A61A32F28300A734CD /* ViewController.h */,
				382387A71A32F28300A734CD /* ViewController.m */,
				382387B11A32F98500A734CD /* DetailViewController.m */,
				382387B21A32F98500A734CD /* DetailViewController.h */,
				7F65F1A91A331061000ED52D /* MainViewController.h */,
				7F65F1AA1A331061000ED52D /* MainViewController.m */,
				382387C61A33795900A734CD /* PostAlertViewController.h */,
				382387C71A33795900A734CD /* PostAlertViewController.m */,
			);
			path = Controllers;
			sourceTree = "<group>";
		};
		382387A81A32F28300A734CD /* Model */ = {
			isa = PBXGroup;
			children = (
				F9BFCBDD1A33367800912C46 /* Alert.h */,
				F9BFCBDE1A33367800912C46 /* Alert.m */,
				7F65F1B51A3368E7000ED52D /* BantayCiudad.xcdatamodel */,
			);
			path = Model;
			sourceTree = "<group>";
		};
		382387A91A32F28300A734CD /* View */ = {
			isa = PBXGroup;
			children = (
				7F65F1A31A330C34000ED52D /* LaunchScreen.xib */,
				7F65F1A51A330C34000ED52D /* Main.storyboard */,
			);
			path = View;
			sourceTree = "<group>";
		};
		382387C21A33761E00A734CD /* Custom Views */ = {
			isa = PBXGroup;
			children = (
				382387C31A33761E00A734CD /* CircularImageView.h */,
				382387C41A33761E00A734CD /* CircularImageView.m */,
			);
			path = "Custom Views";
			sourceTree = "<group>";
		};
		382387CF1A33C16A00A734CD /* TRAutocompleteView */ = {
			isa = PBXGroup;
			children = (
				382387D01A33C16B00A734CD /* TRAutocompleteView.h */,
				382387D11A33C16B00A734CD /* TRAutocompleteView.m */,
			);
			path = TRAutocompleteView;
			sourceTree = "<group>";
		};
		7F1349581A32DB01001AC194 = {
			isa = PBXGroup;
			children = (
				7F1349631A32DB01001AC194 /* BantayCiudad */,
				7F1349801A32DB02001AC194 /* BantayCiudadTests */,
				7F1349621A32DB01001AC194 /* Products */,
				B071DCE92193BB5F89F06FAC /* Frameworks */,
				289F147BE02ADC22895C5503 /* Pods */,
			);
			sourceTree = "<group>";
		};
		7F1349621A32DB01001AC194 /* Products */ = {
			isa = PBXGroup;
			children = (
				7F1349611A32DB01001AC194 /* BantayCiudad.app */,
				7F13497D1A32DB02001AC194 /* BantayCiudadTests.xctest */,
			);
			name = Products;
			sourceTree = "<group>";
		};
		7F1349631A32DB01001AC194 /* BantayCiudad */ = {
			isa = PBXGroup;
			children = (
				7F65F1931A330B12000ED52D /* Helpers */,
				382387A81A32F28300A734CD /* Model */,
				382387A91A32F28300A734CD /* View */,
				382387A51A32F28300A734CD /* Controllers */,
				7F1349641A32DB01001AC194 /* Supporting Files */,
			);
			path = BantayCiudad;
			sourceTree = "<group>";
		};
		7F1349641A32DB01001AC194 /* Supporting Files */ = {
			isa = PBXGroup;
			children = (
				7F1349651A32DB01001AC194 /* Info.plist */,
				7F1349661A32DB01001AC194 /* main.m */,
				F948719D1A32FA5A00BBBADD /* BantayCiudad-Header.pch */,
				7F1349741A32DB01001AC194 /* Images.xcassets */,
			);
			name = "Supporting Files";
			sourceTree = "<group>";
		};
		7F1349801A32DB02001AC194 /* BantayCiudadTests */ = {
			isa = PBXGroup;
			children = (
				7F1349831A32DB02001AC194 /* BantayCiudadTests.m */,
				7F1349811A32DB02001AC194 /* Supporting Files */,
			);
			path = BantayCiudadTests;
			sourceTree = "<group>";
		};
		7F1349811A32DB02001AC194 /* Supporting Files */ = {
			isa = PBXGroup;
			children = (
				7F1349821A32DB02001AC194 /* Info.plist */,
			);
			name = "Supporting Files";
			sourceTree = "<group>";
		};
		7F65F1931A330B12000ED52D /* Helpers */ = {
			isa = PBXGroup;
			children = (
				382387CF1A33C16A00A734CD /* TRAutocompleteView */,
				382387C21A33761E00A734CD /* Custom Views */,
				F9BFCC001A33384D00912C46 /* AppConfiguration.h */,
				F9BFCC011A33384D00912C46 /* AppConfiguration.m */,
				F9BFCBEC1A3337C000912C46 /* Categories */,
				F9BFCBE01A3336A800912C46 /* Service */,
				7F65F1941A330B90000ED52D /* SLParallaxController */,
			);
			path = Helpers;
			sourceTree = "<group>";
		};
		7F65F1941A330B90000ED52D /* SLParallaxController */ = {
			isa = PBXGroup;
			children = (
				7F65F1951A330B90000ED52D /* LICENSE */,
				7F65F1961A330B90000ED52D /* README.md */,
				7F65F1971A330B90000ED52D /* SLParallaxController */,
			);
			path = SLParallaxController;
			sourceTree = "<group>";
		};
		7F65F1971A330B90000ED52D /* SLParallaxController */ = {
			isa = PBXGroup;
			children = (
				7F65F1981A330B90000ED52D /* SLParallaxController.h */,
				7F65F1991A330B90000ED52D /* SLParallaxController.m */,
			);
			path = SLParallaxController;
			sourceTree = "<group>";
		};
		B071DCE92193BB5F89F06FAC /* Frameworks */ = {
			isa = PBXGroup;
			children = (
				EBAE706C2CFBE66E9C610869 /* libPods-BantayCiudad.a */,
			);
			name = Frameworks;
			sourceTree = "<group>";
		};
		F9BFCBE01A3336A800912C46 /* Service */ = {
			isa = PBXGroup;
			children = (
				F9BFCBE91A33373A00912C46 /* RESTAlertService.h */,
				F9BFCBEA1A33373A00912C46 /* RESTAlertService.m */,
				F9BFCC031A3338BF00912C46 /* Protocol */,
				F9BFCBF31A3337F600912C46 /* Support */,
				F9BFCBE21A3336BD00912C46 /* Request */,
				F9BFCBE11A3336B000912C46 /* Response */,
			);
			name = Service;
			sourceTree = "<group>";
		};
		F9BFCBE11A3336B000912C46 /* Response */ = {
			isa = PBXGroup;
			children = (
				F9BFCBFD1A33384100912C46 /* RESTResponse.h */,
				F9BFCBFE1A33384100912C46 /* RESTResponse.m */,
				F9BFCBE61A33370400912C46 /* Alert+REST.h */,
				382387AB1A32F2F000A734CD /* AppDelegate.h */,
				F9BFCBE71A33370400912C46 /* Alert+REST.m */,
				7F65F1AC1A335E72000ED52D /* GeoNamesResponse.h */,
				7F65F1AD1A335E72000ED52D /* GeoNamesResponse.m */,
			);
			name = Response;
			sourceTree = "<group>";
		};
		F9BFCBE21A3336BD00912C46 /* Request */ = {
			isa = PBXGroup;
			children = (
				F9BFCC051A33390600912C46 /* AlertsRequest.h */,
				F9BFCC061A33390600912C46 /* AlertsRequest.m */,
				F9BFCBFA1A33383600912C46 /* RESTRequest.h */,
				F9BFCBFB1A33383600912C46 /* RESTRequest.m */,
				F9BFCBE31A3336DC00912C46 /* UserRequest.h */,
				F9BFCBE41A3336DC00912C46 /* UserRequest.m */,
				7F65F1AF1A336105000ED52D /* GeoNamesRequest.h */,
				7F65F1B01A336105000ED52D /* GeoNamesRequest.m */,
			);
			name = Request;
			sourceTree = "<group>";
		};
		F9BFCBEC1A3337C000912C46 /* Categories */ = {
			isa = PBXGroup;
			children = (
				F9BFCBF01A3337ED00912C46 /* NSString+Additions.h */,
				F9BFCBF11A3337ED00912C46 /* NSString+Additions.m */,
				F9BFCBED1A3337E300912C46 /* AppDelegate+Additions.h */,
				F9BFCBEE1A3337E300912C46 /* AppDelegate+Additions.m */,
			);
			name = Categories;
			sourceTree = "<group>";
		};
		F9BFCBF31A3337F600912C46 /* Support */ = {
			isa = PBXGroup;
			children = (
				F9BFCC081A33392300912C46 /* ClientAccessConstants.h */,
				F9BFCC091A33392300912C46 /* ClientAccessConstants.m */,
				F9BFCBF41A33380E00912C46 /* RESTServiceSupport.h */,
				F9BFCBF51A33380E00912C46 /* RESTServiceSupport.m */,
				F9BFCBF61A33380E00912C46 /* RKObjectManager+App.h */,
				F9BFCBF71A33380E00912C46 /* RKObjectManager+App.m */,
			);
			name = Support;
			sourceTree = "<group>";
		};
		F9BFCC031A3338BF00912C46 /* Protocol */ = {
			isa = PBXGroup;
			children = (
				F9BFCC041A3338C800912C46 /* AlertService.h */,
			);
			name = Protocol;
			sourceTree = "<group>";
		};
/* End PBXGroup section */

/* Begin PBXNativeTarget section */
		7F1349601A32DB01001AC194 /* BantayCiudad */ = {
			isa = PBXNativeTarget;
			buildConfigurationList = 7F1349871A32DB02001AC194 /* Build configuration list for PBXNativeTarget "BantayCiudad" */;
			buildPhases = (
				941EA5E53096EED61CF10C27 /* Check Pods Manifest.lock */,
				7F13495D1A32DB01001AC194 /* Sources */,
				7F13495E1A32DB01001AC194 /* Frameworks */,
				7F13495F1A32DB01001AC194 /* Resources */,
				845279F9C374E1BD6EF18E6B /* Copy Pods Resources */,
			);
			buildRules = (
			);
			dependencies = (
			);
			name = BantayCiudad;
			productName = BantayCiudad;
			productReference = 7F1349611A32DB01001AC194 /* BantayCiudad.app */;
			productType = "com.apple.product-type.application";
		};
		7F13497C1A32DB02001AC194 /* BantayCiudadTests */ = {
			isa = PBXNativeTarget;
			buildConfigurationList = 7F13498A1A32DB02001AC194 /* Build configuration list for PBXNativeTarget "BantayCiudadTests" */;
			buildPhases = (
				7F1349791A32DB02001AC194 /* Sources */,
				7F13497A1A32DB02001AC194 /* Frameworks */,
				7F13497B1A32DB02001AC194 /* Resources */,
			);
			buildRules = (
			);
			dependencies = (
				7F13497F1A32DB02001AC194 /* PBXTargetDependency */,
			);
			name = BantayCiudadTests;
			productName = BantayCiudadTests;
			productReference = 7F13497D1A32DB02001AC194 /* BantayCiudadTests.xctest */;
			productType = "com.apple.product-type.bundle.unit-test";
		};
/* End PBXNativeTarget section */

/* Begin PBXProject section */
		7F1349591A32DB01001AC194 /* Project object */ = {
			isa = PBXProject;
			attributes = {
				LastUpgradeCheck = 0600;
				ORGANIZATIONNAME = "Bantay Ciudad";
				TargetAttributes = {
					7F1349601A32DB01001AC194 = {
						CreatedOnToolsVersion = 6.0.1;
					};
					7F13497C1A32DB02001AC194 = {
						CreatedOnToolsVersion = 6.0.1;
						TestTargetID = 7F1349601A32DB01001AC194;
					};
				};
			};
			buildConfigurationList = 7F13495C1A32DB01001AC194 /* Build configuration list for PBXProject "BantayCiudad" */;
			compatibilityVersion = "Xcode 3.2";
			developmentRegion = English;
			hasScannedForEncodings = 0;
			knownRegions = (
				en,
				Base,
			);
			mainGroup = 7F1349581A32DB01001AC194;
			productRefGroup = 7F1349621A32DB01001AC194 /* Products */;
			projectDirPath = "";
			projectRoot = "";
			targets = (
				7F1349601A32DB01001AC194 /* BantayCiudad */,
				7F13497C1A32DB02001AC194 /* BantayCiudadTests */,
			);
		};
/* End PBXProject section */

/* Begin PBXResourcesBuildPhase section */
		7F13495F1A32DB01001AC194 /* Resources */ = {
			isa = PBXResourcesBuildPhase;
			buildActionMask = 2147483647;
			files = (
				7F65F19A1A330B90000ED52D /* LICENSE in Resources */,
				7F65F1A71A330C34000ED52D /* LaunchScreen.xib in Resources */,
				7F1349751A32DB01001AC194 /* Images.xcassets in Resources */,
				7F65F1A81A330C34000ED52D /* Main.storyboard in Resources */,
			);
			runOnlyForDeploymentPostprocessing = 0;
		};
		7F13497B1A32DB02001AC194 /* Resources */ = {
			isa = PBXResourcesBuildPhase;
			buildActionMask = 2147483647;
			files = (
			);
			runOnlyForDeploymentPostprocessing = 0;
		};
/* End PBXResourcesBuildPhase section */

/* Begin PBXShellScriptBuildPhase section */
		845279F9C374E1BD6EF18E6B /* Copy Pods Resources */ = {
			isa = PBXShellScriptBuildPhase;
			buildActionMask = 2147483647;
			files = (
			);
			inputPaths = (
			);
			name = "Copy Pods Resources";
			outputPaths = (
			);
			runOnlyForDeploymentPostprocessing = 0;
			shellPath = /bin/sh;
			shellScript = "\"${SRCROOT}/Pods/Target Support Files/Pods-BantayCiudad/Pods-BantayCiudad-resources.sh\"\n";
			showEnvVarsInLog = 0;
		};
		941EA5E53096EED61CF10C27 /* Check Pods Manifest.lock */ = {
			isa = PBXShellScriptBuildPhase;
			buildActionMask = 2147483647;
			files = (
			);
			inputPaths = (
			);
			name = "Check Pods Manifest.lock";
			outputPaths = (
			);
			runOnlyForDeploymentPostprocessing = 0;
			shellPath = /bin/sh;
			shellScript = "diff \"${PODS_ROOT}/../Podfile.lock\" \"${PODS_ROOT}/Manifest.lock\" > /dev/null\nif [[ $? != 0 ]] ; then\n    cat << EOM\nerror: The sandbox is not in sync with the Podfile.lock. Run 'pod install' or update your CocoaPods installation.\nEOM\n    exit 1\nfi\n";
			showEnvVarsInLog = 0;
		};
/* End PBXShellScriptBuildPhase section */

/* Begin PBXSourcesBuildPhase section */
		7F13495D1A32DB01001AC194 /* Sources */ = {
			isa = PBXSourcesBuildPhase;
			buildActionMask = 2147483647;
			files = (
				F9BFCBE81A33370400912C46 /* Alert+REST.m in Sources */,
				F9BFCBEF1A3337E300912C46 /* AppDelegate+Additions.m in Sources */,
				7F65F1AE1A335E72000ED52D /* GeoNamesResponse.m in Sources */,
				F9BFCBEF1A3337E300912C46 /* AppDelegate+Additions.m in Sources */,
				7F65F1B11A336105000ED52D /* GeoNamesRequest.m in Sources */,
				F9BFCBFC1A33383600912C46 /* RESTRequest.m in Sources */,
				F9BFCC021A33384D00912C46 /* AppConfiguration.m in Sources */,
				382387C81A33795900A734CD /* PostAlertViewController.m in Sources */,
				F9BFCBE51A3336DC00912C46 /* UserRequest.m in Sources */,
				F9BFCBF81A33380E00912C46 /* RESTServiceSupport.m in Sources */,
				F9BFCBDF1A33367800912C46 /* Alert.m in Sources */,
				F9BFCBF91A33380E00912C46 /* RKObjectManager+App.m in Sources */,
				F9BFCBEB1A33373A00912C46 /* RESTAlertService.m in Sources */,
				382387C51A33761E00A734CD /* CircularImageView.m in Sources */,
				F9BFCC071A33390600912C46 /* AlertsRequest.m in Sources */,
				7F65F19B1A330B90000ED52D /* README.md in Sources */,
				382387D21A33C16B00A734CD /* TRAutocompleteView.m in Sources */,
				F9BFCC0A1A33392300912C46 /* ClientAccessConstants.m in Sources */,
				382387B31A32F98500A734CD /* DetailViewController.m in Sources */,
				7F65F1B61A3368E7000ED52D /* BantayCiudad.xcdatamodel in Sources */,
				7F65F19C1A330B90000ED52D /* SLParallaxController.m in Sources */,
				7F65F1AB1A331061000ED52D /* MainViewController.m in Sources */,
				382387AD1A32F2F000A734CD /* AppDelegate.m in Sources */,
				F9BFCBF21A3337ED00912C46 /* NSString+Additions.m in Sources */,
				F9BFCBFF1A33384100912C46 /* RESTResponse.m in Sources */,
				382387AA1A32F28300A734CD /* ViewController.m in Sources */,
				7F1349671A32DB01001AC194 /* main.m in Sources */,
			);
			runOnlyForDeploymentPostprocessing = 0;
		};
		7F1349791A32DB02001AC194 /* Sources */ = {
			isa = PBXSourcesBuildPhase;
			buildActionMask = 2147483647;
			files = (
				7F1349841A32DB02001AC194 /* BantayCiudadTests.m in Sources */,
			);
			runOnlyForDeploymentPostprocessing = 0;
		};
/* End PBXSourcesBuildPhase section */

/* Begin PBXTargetDependency section */
		7F13497F1A32DB02001AC194 /* PBXTargetDependency */ = {
			isa = PBXTargetDependency;
			target = 7F1349601A32DB01001AC194 /* BantayCiudad */;
			targetProxy = 7F13497E1A32DB02001AC194 /* PBXContainerItemProxy */;
		};
/* End PBXTargetDependency section */

/* Begin PBXVariantGroup section */
		7F65F1A31A330C34000ED52D /* LaunchScreen.xib */ = {
			isa = PBXVariantGroup;
			children = (
				7F65F1A41A330C34000ED52D /* Base */,
			);
			name = LaunchScreen.xib;
			sourceTree = "<group>";
		};
		7F65F1A51A330C34000ED52D /* Main.storyboard */ = {
			isa = PBXVariantGroup;
			children = (
				7F65F1A61A330C34000ED52D /* Base */,
			);
			name = Main.storyboard;
			sourceTree = "<group>";
		};
/* End PBXVariantGroup section */

/* Begin XCBuildConfiguration section */
		7F1349851A32DB02001AC194 /* Debug */ = {
			isa = XCBuildConfiguration;
			buildSettings = {
				ALWAYS_SEARCH_USER_PATHS = NO;
				CLANG_CXX_LANGUAGE_STANDARD = "gnu++0x";
				CLANG_CXX_LIBRARY = "libc++";
				CLANG_ENABLE_MODULES = YES;
				CLANG_ENABLE_OBJC_ARC = YES;
				CLANG_WARN_BOOL_CONVERSION = YES;
				CLANG_WARN_CONSTANT_CONVERSION = YES;
				CLANG_WARN_DIRECT_OBJC_ISA_USAGE = YES_ERROR;
				CLANG_WARN_EMPTY_BODY = YES;
				CLANG_WARN_ENUM_CONVERSION = YES;
				CLANG_WARN_INT_CONVERSION = YES;
				CLANG_WARN_OBJC_ROOT_CLASS = YES_ERROR;
				CLANG_WARN_UNREACHABLE_CODE = YES;
				CLANG_WARN__DUPLICATE_METHOD_MATCH = YES;
				"CODE_SIGN_IDENTITY[sdk=iphoneos*]" = "iPhone Developer";
				COPY_PHASE_STRIP = NO;
				ENABLE_STRICT_OBJC_MSGSEND = YES;
				GCC_C_LANGUAGE_STANDARD = gnu99;
				GCC_DYNAMIC_NO_PIC = NO;
				GCC_OPTIMIZATION_LEVEL = 0;
				GCC_PREPROCESSOR_DEFINITIONS = (
					"DEBUG=1",
					"$(inherited)",
				);
				GCC_SYMBOLS_PRIVATE_EXTERN = NO;
				GCC_WARN_64_TO_32_BIT_CONVERSION = YES;
				GCC_WARN_ABOUT_RETURN_TYPE = YES_ERROR;
				GCC_WARN_UNDECLARED_SELECTOR = YES;
				GCC_WARN_UNINITIALIZED_AUTOS = YES_AGGRESSIVE;
				GCC_WARN_UNUSED_FUNCTION = YES;
				GCC_WARN_UNUSED_VARIABLE = YES;
				IPHONEOS_DEPLOYMENT_TARGET = 7.1;
				MTL_ENABLE_DEBUG_INFO = YES;
				ONLY_ACTIVE_ARCH = YES;
				SDKROOT = iphoneos;
			};
			name = Debug;
		};
		7F1349861A32DB02001AC194 /* Release */ = {
			isa = XCBuildConfiguration;
			buildSettings = {
				ALWAYS_SEARCH_USER_PATHS = NO;
				CLANG_CXX_LANGUAGE_STANDARD = "gnu++0x";
				CLANG_CXX_LIBRARY = "libc++";
				CLANG_ENABLE_MODULES = YES;
				CLANG_ENABLE_OBJC_ARC = YES;
				CLANG_WARN_BOOL_CONVERSION = YES;
				CLANG_WARN_CONSTANT_CONVERSION = YES;
				CLANG_WARN_DIRECT_OBJC_ISA_USAGE = YES_ERROR;
				CLANG_WARN_EMPTY_BODY = YES;
				CLANG_WARN_ENUM_CONVERSION = YES;
				CLANG_WARN_INT_CONVERSION = YES;
				CLANG_WARN_OBJC_ROOT_CLASS = YES_ERROR;
				CLANG_WARN_UNREACHABLE_CODE = YES;
				CLANG_WARN__DUPLICATE_METHOD_MATCH = YES;
				"CODE_SIGN_IDENTITY[sdk=iphoneos*]" = "iPhone Developer";
				COPY_PHASE_STRIP = YES;
				ENABLE_NS_ASSERTIONS = NO;
				ENABLE_STRICT_OBJC_MSGSEND = YES;
				GCC_C_LANGUAGE_STANDARD = gnu99;
				GCC_WARN_64_TO_32_BIT_CONVERSION = YES;
				GCC_WARN_ABOUT_RETURN_TYPE = YES_ERROR;
				GCC_WARN_UNDECLARED_SELECTOR = YES;
				GCC_WARN_UNINITIALIZED_AUTOS = YES_AGGRESSIVE;
				GCC_WARN_UNUSED_FUNCTION = YES;
				GCC_WARN_UNUSED_VARIABLE = YES;
				IPHONEOS_DEPLOYMENT_TARGET = 7.1;
				MTL_ENABLE_DEBUG_INFO = NO;
				SDKROOT = iphoneos;
				VALIDATE_PRODUCT = YES;
			};
			name = Release;
		};
		7F1349881A32DB02001AC194 /* Debug */ = {
			isa = XCBuildConfiguration;
			baseConfigurationReference = 9475BB2F7F689FFB8F34CD71 /* Pods-BantayCiudad.debug.xcconfig */;
			buildSettings = {
				ASSETCATALOG_COMPILER_APPICON_NAME = AppIcon;
				ASSETCATALOG_COMPILER_LAUNCHIMAGE_NAME = "";
				CODE_SIGN_IDENTITY = "iPhone Developer";
				"CODE_SIGN_IDENTITY[sdk=iphoneos*]" = "iPhone Developer";
				GCC_PREFIX_HEADER = "BantayCiudad/BantayCiudad-Header.pch";
				INFOPLIST_FILE = BantayCiudad/Info.plist;
				LD_RUNPATH_SEARCH_PATHS = "$(inherited) @executable_path/Frameworks";
				PRODUCT_NAME = "$(TARGET_NAME)";
			};
			name = Debug;
		};
		7F1349891A32DB02001AC194 /* Release */ = {
			isa = XCBuildConfiguration;
			baseConfigurationReference = 57DCA653D4C4AA15B2870BC8 /* Pods-BantayCiudad.release.xcconfig */;
			buildSettings = {
				ASSETCATALOG_COMPILER_APPICON_NAME = AppIcon;
				ASSETCATALOG_COMPILER_LAUNCHIMAGE_NAME = "";
				CODE_SIGN_IDENTITY = "iPhone Developer";
				"CODE_SIGN_IDENTITY[sdk=iphoneos*]" = "iPhone Developer";
				GCC_PREFIX_HEADER = "BantayCiudad/BantayCiudad-Header.pch";
				INFOPLIST_FILE = BantayCiudad/Info.plist;
				LD_RUNPATH_SEARCH_PATHS = "$(inherited) @executable_path/Frameworks";
				PRODUCT_NAME = "$(TARGET_NAME)";
			};
			name = Release;
		};
		7F13498B1A32DB02001AC194 /* Debug */ = {
			isa = XCBuildConfiguration;
			buildSettings = {
				BUNDLE_LOADER = "$(TEST_HOST)";
				FRAMEWORK_SEARCH_PATHS = (
					"$(SDKROOT)/Developer/Library/Frameworks",
					"$(inherited)",
				);
				GCC_PREPROCESSOR_DEFINITIONS = (
					"DEBUG=1",
					"$(inherited)",
				);
				INFOPLIST_FILE = BantayCiudadTests/Info.plist;
				LD_RUNPATH_SEARCH_PATHS = "$(inherited) @executable_path/Frameworks @loader_path/Frameworks";
				PRODUCT_NAME = "$(TARGET_NAME)";
				TEST_HOST = "$(BUILT_PRODUCTS_DIR)/BantayCiudad.app/BantayCiudad";
			};
			name = Debug;
		};
		7F13498C1A32DB02001AC194 /* Release */ = {
			isa = XCBuildConfiguration;
			buildSettings = {
				BUNDLE_LOADER = "$(TEST_HOST)";
				FRAMEWORK_SEARCH_PATHS = (
					"$(SDKROOT)/Developer/Library/Frameworks",
					"$(inherited)",
				);
				INFOPLIST_FILE = BantayCiudadTests/Info.plist;
				LD_RUNPATH_SEARCH_PATHS = "$(inherited) @executable_path/Frameworks @loader_path/Frameworks";
				PRODUCT_NAME = "$(TARGET_NAME)";
				TEST_HOST = "$(BUILT_PRODUCTS_DIR)/BantayCiudad.app/BantayCiudad";
			};
			name = Release;
		};
/* End XCBuildConfiguration section */

/* Begin XCConfigurationList section */
		7F13495C1A32DB01001AC194 /* Build configuration list for PBXProject "BantayCiudad" */ = {
			isa = XCConfigurationList;
			buildConfigurations = (
				7F1349851A32DB02001AC194 /* Debug */,
				7F1349861A32DB02001AC194 /* Release */,
			);
			defaultConfigurationIsVisible = 0;
			defaultConfigurationName = Release;
		};
		7F1349871A32DB02001AC194 /* Build configuration list for PBXNativeTarget "BantayCiudad" */ = {
			isa = XCConfigurationList;
			buildConfigurations = (
				7F1349881A32DB02001AC194 /* Debug */,
				7F1349891A32DB02001AC194 /* Release */,
			);
			defaultConfigurationIsVisible = 0;
			defaultConfigurationName = Release;
		};
		7F13498A1A32DB02001AC194 /* Build configuration list for PBXNativeTarget "BantayCiudadTests" */ = {
			isa = XCConfigurationList;
			buildConfigurations = (
				7F13498B1A32DB02001AC194 /* Debug */,
				7F13498C1A32DB02001AC194 /* Release */,
			);
			defaultConfigurationIsVisible = 0;
			defaultConfigurationName = Release;
		};
/* End XCConfigurationList section */
	};
	rootObject = 7F1349591A32DB01001AC194 /* Project object */;
}
